// !$*UTF8*$!
{
	archiveVersion = 1;
	classes = {
	};
	objectVersion = 46;
	objects = {

/* Begin PBXBuildFile section */
		0F235FFB1E8842A2003558A4 /* AppDelegate.swift in Sources */ = {isa = PBXBuildFile; fileRef = 0F235FFA1E8842A2003558A4 /* AppDelegate.swift */; };
		0F235FFD1E8842A2003558A4 /* ViewController.swift in Sources */ = {isa = PBXBuildFile; fileRef = 0F235FFC1E8842A2003558A4 /* ViewController.swift */; };
		0F2360001E8842A2003558A4 /* Main.storyboard in Resources */ = {isa = PBXBuildFile; fileRef = 0F235FFE1E8842A2003558A4 /* Main.storyboard */; };
		0F2360021E8842A2003558A4 /* Assets.xcassets in Resources */ = {isa = PBXBuildFile; fileRef = 0F2360011E8842A2003558A4 /* Assets.xcassets */; };
		0F2360051E8842A2003558A4 /* LaunchScreen.storyboard in Resources */ = {isa = PBXBuildFile; fileRef = 0F2360031E8842A2003558A4 /* LaunchScreen.storyboard */; };
/* End PBXBuildFile section */

/* Begin PBXFileReference section */
		0F235FF71E8842A2003558A4 /* alartView.app */ = {isa = PBXFileReference; explicitFileType = wrapper.application; includeInIndex = 0; path = alartView.app; sourceTree = BUILT_PRODUCTS_DIR; };
		0F235FFA1E8842A2003558A4 /* AppDelegate.swift */ = {isa = PBXFileReference; lastKnownFileType = sourcecode.swift; path = AppDelegate.swift; sourceTree = "<group>"; };
		0F235FFC1E8842A2003558A4 /* ViewController.swift */ = {isa = PBXFileReference; lastKnownFileType = sourcecode.swift; path = ViewController.swift; sourceTree = "<group>"; };
		0F235FFF1E8842A2003558A4 /* Base */ = {isa = PBXFileReference; lastKnownFileType = file.storyboard; name = Base; path = Base.lproj/Main.storyboard; sourceTree = "<group>"; };
		0F2360011E8842A2003558A4 /* Assets.xcassets */ = {isa = PBXFileReference; lastKnownFileType = folder.assetcatalog; path = Assets.xcassets; sourceTree = "<group>"; };
		0F2360041E8842A2003558A4 /* Base */ = {isa = PBXFileReference; lastKnownFileType = file.storyboard; name = Base; path = Base.lproj/LaunchScreen.storyboard; sourceTree = "<group>"; };
		0F2360061E8842A2003558A4 /* Info.plist */ = {isa = PBXFileReference; lastKnownFileType = text.plist.xml; path = Info.plist; sourceTree = "<group>"; };
/* End PBXFileReference section */

/* Begin PBXFrameworksBuildPhase section */
		0F235FF41E8842A2003558A4 /* Frameworks */ = {
			isa = PBXFrameworksBuildPhase;
			buildActionMask = 2147483647;
			files = (
			);
			runOnlyForDeploymentPostprocessing = 0;
		};
/* End PBXFrameworksBuildPhase section */

/* Begin PBXGroup section */
		0F235FEE1E8842A2003558A4 = {
			isa = PBXGroup;
			children = (
				0F235FF91E8842A2003558A4 /* alartView */,
				0F235FF81E8842A2003558A4 /* Products */,
			);
			sourceTree = "<group>";
		};
		0F235FF81E8842A2003558A4 /* Products */ = {
			isa = PBXGroup;
			children = (
				0F235FF71E8842A2003558A4 /* alartView.app */,
			);
			name = Products;
			sourceTree = "<group>";
		};
		0F235FF91E8842A2003558A4 /* alartView */ = {
			isa = PBXGroup;
			children = (
				0F235FFA1E8842A2003558A4 /* AppDelegate.swift */,
				0F235FFC1E8842A2003558A4 /* ViewController.swift */,
				0F235FFE1E8842A2003558A4 /* Main.storyboard */,
				0F2360011E8842A2003558A4 /* Assets.xcassets */,
				0F2360031E8842A2003558A4 /* LaunchScreen.storyboard */,
				0F2360061E8842A2003558A4 /* Info.plist */,
			);
			path = alartView;
			sourceTree = "<group>";
		};
/* End PBXGroup section */

/* Begin PBXNativeTarget section */
		0F235FF61E8842A2003558A4 /* alartView */ = {
			isa = PBXNativeTarget;
			buildConfigurationList = 0F2360091E8842A2003558A4 /* Build configuration list for PBXNativeTarget "alartView" */;
			buildPhases = (
				0F235FF31E8842A2003558A4 /* Sources */,
				0F235FF41E8842A2003558A4 /* Frameworks */,
				0F235FF51E8842A2003558A4 /* Resources */,
			);
			buildRules = (
			);
			dependencies = (
			);
			name = alartView;
			productName = alartView;
			productReference = 0F235FF71E8842A2003558A4 /* alartView.app */;
			productType = "com.apple.product-type.application";
		};
/* End PBXNativeTarget section */

/* Begin PBXProject section */
		0F235FEF1E8842A2003558A4 /* Project object */ = {
			isa = PBXProject;
			attributes = {
				LastSwiftUpdateCheck = 0820;
				LastUpgradeCheck = 0820;
				ORGANIZATIONNAME = "Taha Magdy";
				TargetAttributes = {
					0F235FF61E8842A2003558A4 = {
						CreatedOnToolsVersion = 8.2.1;
						DevelopmentTeam = G28Z3579C6;
						ProvisioningStyle = Automatic;
					};
				};
			};
			buildConfigurationList = 0F235FF21E8842A2003558A4 /* Build configuration list for PBXProject "alartView" */;
			compatibilityVersion = "Xcode 3.2";
			developmentRegion = English;
			hasScannedForEncodings = 0;
			knownRegions = (
				en,
				Base,
			);
			mainGroup = 0F235FEE1E8842A2003558A4;
			productRefGroup = 0F235FF81E8842A2003558A4 /* Products */;
			projectDirPath = "";
			projectRoot = "";
			targets = (
				0F235FF61E8842A2003558A4 /* alartView */,
			);
		};
/* End PBXProject section */

/* Begin PBXResourcesBuildPhase section */
		0F235FF51E8842A2003558A4 /* Resources */ = {
			isa = PBXResourcesBuildPhase;
			buildActionMask = 2147483647;
			files = (
				0F2360051E8842A2003558A4 /* LaunchScreen.storyboard in Resources */,
				0F2360021E8842A2003558A4 /* Assets.xcassets in Resources */,
				0F2360001E8842A2003558A4 /* Main.storyboard in Resources */,
			);
			runOnlyForDeploymentPostprocessing = 0;
		};
/* End PBXResourcesBuildPhase section */

/* Begin PBXSourcesBuildPhase section */
		0F235FF31E8842A2003558A4 /* Sources */ = {
			isa = PBXSourcesBuildPhase;
			buildActionMask = 2147483647;
			files = (
				0F235FFD1E8842A2003558A4 /* ViewController.swift in Sources */,
				0F235FFB1E8842A2003558A4 /* AppDelegate.swift in Sources */,
			);
			runOnlyForDeploymentPostprocessing = 0;
		};
/* End PBXSourcesBuildPhase section */

/* Begin PBXVariantGroup section */
		0F235FFE1E8842A2003558A4 /* Main.storyboard */ = {
			isa = PBXVariantGroup;
			children = (
				0F235FFF1E8842A2003558A4 /* Base */,
			);
			name = Main.storyboard;
			sourceTree = "<group>";
		};
		0F2360031E8842A2003558A4 /* LaunchScreen.storyboard */ = {
			isa = PBXVariantGroup;
			children = (
				0F2360041E8842A2003558A4 /* Base */,
			);
			name = LaunchScreen.storyboard;
			sourceTree = "<group>";
		};
/* End PBXVariantGroup section */

/* Begin XCBuildConfiguration section */
		0F2360071E8842A2003558A4 /* Debug */ = {
			isa = XCBuildConfiguration;
			buildSettings = {
				ALWAYS_SEARCH_USER_PATHS = NO;
				CLANG_ANALYZER_NONNULL = YES;
				CLANG_CXX_LANGUAGE_STANDARD = "gnu++0x";
				CLANG_CXX_LIBRARY = "libc++";
				CLANG_ENABLE_MODULES = YES;
				CLANG_ENABLE_OBJC_ARC = YES;
				CLANG_WARN_BOOL_CONVERSION = YES;
				CLANG_WARN_CONSTANT_CONVERSION = YES;
				CLANG_WARN_DIRECT_OBJC_ISA_USAGE = YES_ERROR;
				CLANG_WARN_DOCUMENTATION_COMMENTS = YES;
				CLANG_WARN_EMPTY_BODY = YES;
				CLANG_WARN_ENUM_CONVERSION = YES;
				CLANG_WARN_INFINITE_RECURSION = YES;
				CLANG_WARN_INT_CONVERSION = YES;
				CLANG_WARN_OBJC_ROOT_CLASS = YES_ERROR;
				CLANG_WARN_SUSPICIOUS_MOVE = YES;
				CLANG_WARN_UNREACHABLE_CODE = YES;
				CLANG_WARN__DUPLICATE_METHOD_MATCH = YES;
				"CODE_SIGN_IDENTITY[sdk=iphoneos*]" = "iPhone Developer";
				COPY_PHASE_STRIP = NO;
				DEBUG_INFORMATION_FORMAT = dwarf;
				ENABLE_STRICT_OBJC_MSGSEND = YES;
				ENABLE_TESTABILITY = YES;
				GCC_C_LANGUAGE_STANDARD = gnu99;
				GCC_DYNAMIC_NO_PIC = NO;
				GCC_NO_COMMON_BLOCKS = YES;
				GCC_OPTIMIZATION_LEVEL = 0;
				GCC_PREPROCESSOR_DEFINITIONS = (
					"DEBUG=1",
					"$(inherited)",
				);
				GCC_WARN_64_TO_32_BIT_CONVERSION = YES;
				GCC_WARN_ABOUT_RETURN_TYPE = YES_ERROR;
				GCC_WARN_UNDECLARED_SELECTOR = YES;
				GCC_WARN_UNINITIALIZED_AUTOS = YES_AGGRESSIVE;
				GCC_WARN_UNUSED_FUNCTION = YES;
				GCC_WARN_UNUSED_VARIABLE = YES;
				IPHONEOS_DEPLOYMENT_TARGET = 10.2;
				MTL_ENABLE_DEBUG_INFO = YES;
				ONLY_ACTIVE_ARCH = YES;
				SDKROOT = iphoneos;
				SWIFT_ACTIVE_COMPILATION_CONDITIONS = DEBUG;
				SWIFT_OPTIMIZATION_LEVEL = "-Onone";
			};
			name = Debug;
		};
		0F2360081E8842A2003558A4 /* Release */ = {
			isa = XCBuildConfiguration;
			buildSettings = {
				ALWAYS_SEARCH_USER_PATHS = NO;
				CLANG_ANALYZER_NONNULL = YES;
				CLANG_CXX_LANGUAGE_STANDARD = "gnu++0x";
				CLANG_CXX_LIBRARY = "libc++";
				CLANG_ENABLE_MODULES = YES;
				CLANG_ENABLE_OBJC_ARC = YES;
				CLANG_WARN_BOOL_CONVERSION = YES;
				CLANG_WARN_CONSTANT_CONVERSION = YES;
				CLANG_WARN_DIRECT_OBJC_ISA_USAGE = YES_ERROR;
				CLANG_WARN_DOCUMENTATION_COMMENTS = YES;
				CLANG_WARN_EMPTY_BODY = YES;
				CLANG_WARN_ENUM_CONVERSION = YES;
				CLANG_WARN_INFINITE_RECURSION = YES;
				CLANG_WARN_INT_CONVERSION = YES;
				CLANG_WARN_OBJC_ROOT_CLASS = YES_ERROR;
				CLANG_WARN_SUSPICIOUS_MOVE = YES;
				CLANG_WARN_UNREACHABLE_CODE = YES;
				CLANG_WARN__DUPLICATE_METHOD_MATCH = YES;
				"CODE_SIGN_IDENTITY[sdk=iphoneos*]" = "iPhone Developer";
				COPY_PHASE_STRIP = NO;
				DEBUG_INFORMATION_FORMAT = "dwarf-with-dsym";
				ENABLE_NS_ASSERTIONS = NO;
				ENABLE_STRICT_OBJC_MSGSEND = YES;
				GCC_C_LANGUAGE_STANDARD = gnu99;
				GCC_NO_COMMON_BLOCKS = YES;
				GCC_WARN_64_TO_32_BIT_CONVERSION = YES;
				GCC_WARN_ABOUT_RETURN_TYPE = YES_ERROR;
				GCC_WARN_UNDECLARED_SELECTOR = YES;
				GCC_WARN_UNINITIALIZED_AUTOS = YES_AGGRESSIVE;
				GCC_WARN_UNUSED_FUNCTION = YES;
				GCC_WARN_UNUSED_VARIABLE = YES;
				IPHONEOS_DEPLOYMENT_TARGET = 10.2;
				MTL_ENABLE_DEBUG_INFO = NO;
				SDKROOT = iphoneos;
				SWIFT_OPTIMIZATION_LEVEL = "-Owholemodule";
				VALIDATE_PRODUCT = YES;
			};
			name = Release;
		};
		0F23600A1E8842A2003558A4 /* Debug */ = {
			isa = XCBuildConfiguration;
			buildSettings = {
				ASSETCATALOG_COMPILER_APPICON_NAME = AppIcon;
				DEVELOPMENT_TEAM = G28Z3579C6;
				INFOPLIST_FILE = alartView/Info.plist;
				LD_RUNPATH_SEARCH_PATHS = "$(inherited) @executable_path/Frameworks";
				PRODUCT_BUNDLE_IDENTIFIER = Taha.alartView;
				PRODUCT_NAME = "$(TARGET_NAME)";
				SWIFT_VERSION = 3.0;
			};
			name = Debug;
		};
		0F23600B1E8842A2003558A4 /* Release */ = {
			isa = XCBuildConfiguration;
			buildSettings = {
				ASSETCATALOG_COMPILER_APPICON_NAME = AppIcon;
				DEVELOPMENT_TEAM = G28Z3579C6;
				INFOPLIST_FILE = alartView/Info.plist;
				LD_RUNPATH_SEARCH_PATHS = "$(inherited) @executable_path/Frameworks";
				PRODUCT_BUNDLE_IDENTIFIER = Taha.alartView;
				PRODUCT_NAME = "$(TARGET_NAME)";
				SWIFT_VERSION = 3.0;
			};
			name = Release;
		};
/* End XCBuildConfiguration section */

/* Begin XCConfigurationList section */
		0F235FF21E8842A2003558A4 /* Build configuration list for PBXProject "alartView" */ = {
			isa = XCConfigurationList;
			buildConfigurations = (
				0F2360071E8842A2003558A4 /* Debug */,
				0F2360081E8842A2003558A4 /* Release */,
			);
			defaultConfigurationIsVisible = 0;
			defaultConfigurationName = Release;
		};
		0F2360091E8842A2003558A4 /* Build configuration list for PBXNativeTarget "alartView" */ = {
			isa = XCConfigurationList;
			buildConfigurations = (
				0F23600A1E8842A2003558A4 /* Debug */,
				0F23600B1E8842A2003558A4 /* Release */,
			);
			defaultConfigurationIsVisible = 0;
		};
/* End XCConfigurationList section */
	};
	rootObject = 0F235FEF1E8842A2003558A4 /* Project object */;
}
